dependencies:
- name: loki
  repository: https://grafana.github.io/helm-charts
  version: 2.10.3
- name: promtail
  repository: https://grafana.github.io/helm-charts
  version: 2.2.0
- name: fluent-bit
  repository: https://grafana.github.io/helm-charts
  version: 2.3.0
- name: grafana
  repository: https://grafana.github.io/helm-charts
  version: 6.21.8
- name: prometheus
  repository: https://prometheus-community.github.io/helm-charts
  version: 15.0.4
- name: filebeat
  repository: https://helm.elastic.co
  version: 7.8.1
- name: logstash
  repository: https://helm.elastic.co
  version: 7.8.1
digest: sha256:7c2826413bc95658943722e2f6936d5f8ede615641fd3d8250e9a7c2a87747c9
generated: "2022-04-04T17:45:18.954982608Z"
